
Microsoft Visual Studio Solution File, Format Version 12.00
# Visual Studio 15
VisualStudioVersion = 15.0.28307.1927
MinimumVisualStudioVersion = 10.0.40219.1
Project("{FAE04EC0-301F-11D3-BF4B-00C04F79EFBC}") = "DataViewOrnek3", "DataViewOrnek3\DataViewOrnek3.csproj", "{DE780902-7B8D-48E2-BF58-5B7BA3C95A56}"
EndProject
Global
	GlobalSection(SolutionConfigurationPlatforms) = preSolution
		Debug|Any CPU = Debug|Any CPU
		Release|Any CPU = Release|Any CPU
	EndGlobalSection
	GlobalSection(ProjectConfigurationPlatforms) = postSolution
		{DE780902-7B8D-48E2-BF58-5B7BA3C95A56}.Debug|Any CPU.ActiveCfg = Debug|Any CPU
		{DE780902-7B8D-48E2-BF58-5B7BA3C95A56}.Debug|Any CPU.Build.0 = Debug|Any CPU
		{DE780902-7B8D-48E2-BF58-5B7BA3C95A56}.Release|Any CPU.ActiveCfg = Release|Any CPU
		{DE780902-7B8D-48E2-BF58-5B7BA3C95A56}.Release|Any CPU.Build.0 = Release|Any CPU
	EndGlobalSection
	GlobalSection(SolutionProperties) = preSolution
		HideSolutionNode = FALSE
	EndGlobalSection
	GlobalSection(ExtensibilityGlobals) = postSolution
		SolutionGuid = {65CC2712-9561-43E3-AEC0-F0E7689BEEBD}
	EndGlobalSection
EndGlobal
